
Microsoft Visual Studio Solution File, Format Version 12.00
# Visual Studio Version 17
VisualStudioVersion = 17.0.32112.339
MinimumVisualStudioVersion = 10.0.40219.1
Project("{2150E333-8FDC-42A3-9474-1A3956D46DE8}") = "ProcessApis", "ProcessApis", "{90FFE3E4-3F51-419A-9E6A-E226EAB1DFD6}"
EndProject
Project("{FAE04EC0-301F-11D3-BF4B-00C04F79EFBC}") = "Template.ProcessApis.Api1", "Functions\Template.ProcessApis.Api1\Template.ProcessApis.Api1.csproj", "{53FF2FA5-E783-4C89-9ECD-6E5AC66E4D0A}"
EndProject
Project("{2150E333-8FDC-42A3-9474-1A3956D46DE8}") = "Common", "Common", "{90549D0E-1E88-4F8A-A454-D56AE956EC4F}"
EndProject
Project("{FAE04EC0-301F-11D3-BF4B-00C04F79EFBC}") = "Template.Core", "Common\Template.Core\Template.Core.csproj", "{D7C7A3E4-0216-4658-B44F-7E6E34DD897F}"
EndProject
Project("{FAE04EC0-301F-11D3-BF4B-00C04F79EFBC}") = "Template.Domain", "Common\Template.Domain\Template.Domain.csproj", "{96199A6C-D558-4F5D-B702-0CE6D027997A}"
EndProject
Global
	GlobalSection(SolutionConfigurationPlatforms) = preSolution
		Debug|Any CPU = Debug|Any CPU
		Release|Any CPU = Release|Any CPU
	EndGlobalSection
	GlobalSection(ProjectConfigurationPlatforms) = postSolution
		{53FF2FA5-E783-4C89-9ECD-6E5AC66E4D0A}.Debug|Any CPU.ActiveCfg = Debug|Any CPU
		{53FF2FA5-E783-4C89-9ECD-6E5AC66E4D0A}.Debug|Any CPU.Build.0 = Debug|Any CPU
		{53FF2FA5-E783-4C89-9ECD-6E5AC66E4D0A}.Release|Any CPU.ActiveCfg = Release|Any CPU
		{53FF2FA5-E783-4C89-9ECD-6E5AC66E4D0A}.Release|Any CPU.Build.0 = Release|Any CPU
		{D7C7A3E4-0216-4658-B44F-7E6E34DD897F}.Debug|Any CPU.ActiveCfg = Debug|Any CPU
		{D7C7A3E4-0216-4658-B44F-7E6E34DD897F}.Debug|Any CPU.Build.0 = Debug|Any CPU
		{D7C7A3E4-0216-4658-B44F-7E6E34DD897F}.Release|Any CPU.ActiveCfg = Release|Any CPU
		{D7C7A3E4-0216-4658-B44F-7E6E34DD897F}.Release|Any CPU.Build.0 = Release|Any CPU
		{96199A6C-D558-4F5D-B702-0CE6D027997A}.Debug|Any CPU.ActiveCfg = Debug|Any CPU
		{96199A6C-D558-4F5D-B702-0CE6D027997A}.Debug|Any CPU.Build.0 = Debug|Any CPU
		{96199A6C-D558-4F5D-B702-0CE6D027997A}.Release|Any CPU.ActiveCfg = Release|Any CPU
		{96199A6C-D558-4F5D-B702-0CE6D027997A}.Release|Any CPU.Build.0 = Release|Any CPU
	EndGlobalSection
	GlobalSection(SolutionProperties) = preSolution
		HideSolutionNode = FALSE
	EndGlobalSection
	GlobalSection(NestedProjects) = preSolution
		{53FF2FA5-E783-4C89-9ECD-6E5AC66E4D0A} = {90FFE3E4-3F51-419A-9E6A-E226EAB1DFD6}
		{D7C7A3E4-0216-4658-B44F-7E6E34DD897F} = {90549D0E-1E88-4F8A-A454-D56AE956EC4F}
		{96199A6C-D558-4F5D-B702-0CE6D027997A} = {90549D0E-1E88-4F8A-A454-D56AE956EC4F}
	EndGlobalSection
	GlobalSection(ExtensibilityGlobals) = postSolution
		SolutionGuid = {7CC6C940-8B00-4B0F-AC53-203611273AC3}
	EndGlobalSection
EndGlobal
